
Microsoft Visual Studio Solution File, Format Version 12.00
# Visual Studio Version 17
VisualStudioVersion = 17.2.32616.157
MinimumVisualStudioVersion = 10.0.40219.1
Project("{FAE04EC0-301F-11D3-BF4B-00C04F79EFBC}") = "Start02", "Start02\Start02.csproj", "{CDC28CF4-07E2-45E2-BC80-543F9B325E6F}"
EndProject
Project("{FAE04EC0-301F-11D3-BF4B-00C04F79EFBC}") = "DAL", "DAL\DAL.csproj", "{EE0E73E3-9643-4240-BE28-6776456A3370}"
EndProject
Project("{FAE04EC0-301F-11D3-BF4B-00C04F79EFBC}") = "BLL", "BLL\BLL.csproj", "{D1EBED8A-6B1A-4425-B82D-4676E3BD6241}"
EndProject
Project("{FAE04EC0-301F-11D3-BF4B-00C04F79EFBC}") = "Model", "Model\Model.csproj", "{838D1C38-753A-4878-AD5C-A454DE155F50}"
EndProject
Global
	GlobalSection(SolutionConfigurationPlatforms) = preSolution
		Debug|Any CPU = Debug|Any CPU
		Release|Any CPU = Release|Any CPU
	EndGlobalSection
	GlobalSection(ProjectConfigurationPlatforms) = postSolution
		{CDC28CF4-07E2-45E2-BC80-543F9B325E6F}.Debug|Any CPU.ActiveCfg = Debug|Any CPU
		{CDC28CF4-07E2-45E2-BC80-543F9B325E6F}.Debug|Any CPU.Build.0 = Debug|Any CPU
		{CDC28CF4-07E2-45E2-BC80-543F9B325E6F}.Release|Any CPU.ActiveCfg = Release|Any CPU
		{CDC28CF4-07E2-45E2-BC80-543F9B325E6F}.Release|Any CPU.Build.0 = Release|Any CPU
		{EE0E73E3-9643-4240-BE28-6776456A3370}.Debug|Any CPU.ActiveCfg = Debug|Any CPU
		{EE0E73E3-9643-4240-BE28-6776456A3370}.Debug|Any CPU.Build.0 = Debug|Any CPU
		{EE0E73E3-9643-4240-BE28-6776456A3370}.Release|Any CPU.ActiveCfg = Release|Any CPU
		{EE0E73E3-9643-4240-BE28-6776456A3370}.Release|Any CPU.Build.0 = Release|Any CPU
		{D1EBED8A-6B1A-4425-B82D-4676E3BD6241}.Debug|Any CPU.ActiveCfg = Debug|Any CPU
		{D1EBED8A-6B1A-4425-B82D-4676E3BD6241}.Debug|Any CPU.Build.0 = Debug|Any CPU
		{D1EBED8A-6B1A-4425-B82D-4676E3BD6241}.Release|Any CPU.ActiveCfg = Release|Any CPU
		{D1EBED8A-6B1A-4425-B82D-4676E3BD6241}.Release|Any CPU.Build.0 = Release|Any CPU
		{838D1C38-753A-4878-AD5C-A454DE155F50}.Debug|Any CPU.ActiveCfg = Debug|Any CPU
		{838D1C38-753A-4878-AD5C-A454DE155F50}.Debug|Any CPU.Build.0 = Debug|Any CPU
		{838D1C38-753A-4878-AD5C-A454DE155F50}.Release|Any CPU.ActiveCfg = Release|Any CPU
		{838D1C38-753A-4878-AD5C-A454DE155F50}.Release|Any CPU.Build.0 = Release|Any CPU
	EndGlobalSection
	GlobalSection(SolutionProperties) = preSolution
		HideSolutionNode = FALSE
	EndGlobalSection
	GlobalSection(ExtensibilityGlobals) = postSolution
		SolutionGuid = {9F3F1266-76F4-45C4-891F-00DF58E4D204}
	EndGlobalSection
EndGlobal
